
Microsoft Visual Studio Solution File, Format Version 12.00
# Visual Studio Version 17
VisualStudioVersion = 17.0.32014.148
MinimumVisualStudioVersion = 10.0.40219.1
Project("{888888A0-9F3D-457C-B088-3A5042F75D52}") = "RobotShow", "RobotShow.pyproj", "{B4B551DC-2702-4586-8E91-1A0F8827246D}"
EndProject
Project("{2150E333-8FDC-42A3-9474-1A3956D46DE8}") = "Solution files", "Solution files", "{1DD2DBDA-CAE8-44C2-8017-C648A3D73514}"
	ProjectSection(SolutionItems) = preProject
		..\LICENSE = ..\LICENSE
		..\readme.md = ..\readme.md
	EndProjectSection
EndProject
Global
	GlobalSection(SolutionConfigurationPlatforms) = preSolution
		Debug|Any CPU = Debug|Any CPU
		Release|Any CPU = Release|Any CPU
	EndGlobalSection
	GlobalSection(ProjectConfigurationPlatforms) = postSolution
		{B4B551DC-2702-4586-8E91-1A0F8827246D}.Debug|Any CPU.ActiveCfg = Debug|Any CPU
		{B4B551DC-2702-4586-8E91-1A0F8827246D}.Release|Any CPU.ActiveCfg = Release|Any CPU
	EndGlobalSection
	GlobalSection(SolutionProperties) = preSolution
		HideSolutionNode = FALSE
	EndGlobalSection
	GlobalSection(ExtensibilityGlobals) = postSolution
		SolutionGuid = {E6420877-27F2-42FB-97B1-7E532C79902C}
	EndGlobalSection
EndGlobal
